{
  "name": "globe",
  "lockfileVersion": 2,
  "requires": true,
  "packages": {
    "": {
      "dependencies": {
        "img": "^3.0.3",
        "three": "^0.144.0"
      }
    },
    "node_modules/img": {
      "version": "3.0.3",
      "resolved": "https://registry.npmjs.org/img/-/img-3.0.3.tgz",
      "integrity": "sha512-+JmjCiDWBFyxwAZGKpNhgnpfM/AoFqLgl5SYRARp3q35uiQTWrP/iPQMJveiqhq0D5xhZDWOT17IE6TG5l4MWw=="
    },
    "node_modules/three": {
      "version": "0.144.0",
      "resolved": "https://registry.npmjs.org/three/-/three-0.144.0.tgz",
      "integrity": "sha512-R8AXPuqfjfRJKkYoTQcTK7A6i3AdO9++2n8ubya/GTU+fEHhYKu1ZooRSCPkx69jbnzT7dD/xEo6eROQTt2lJw=="
    }
  },
  "dependencies": {
    "img": {
      "version": "3.0.3",
      "resolved": "https://registry.npmjs.org/img/-/img-3.0.3.tgz",
      "integrity": "sha512-+JmjCiDWBFyxwAZGKpNhgnpfM/AoFqLgl5SYRARp3q35uiQTWrP/iPQMJveiqhq0D5xhZDWOT17IE6TG5l4MWw=="
    },
    "three": {
      "version": "0.144.0",
      "resolved": "https://registry.npmjs.org/three/-/three-0.144.0.tgz",
      "integrity": "sha512-R8AXPuqfjfRJKkYoTQcTK7A6i3AdO9++2n8ubya/GTU+fEHhYKu1ZooRSCPkx69jbnzT7dD/xEo6eROQTt2lJw=="
    }
  }
}
